# This file was autogenerated by Stack.
# You should not edit this file by hand.
# For more information, please see the documentation at:
#   https://docs.haskellstack.org/en/stable/lock_files

packages:
- completed:
    hackage: digestive-functors-0.8.4.2@sha256:badff1797b6dcd860a48ed4558985b2f6bec501e1016fa5afd9d7d6b0d8e4c08,3364
    pantry-tree:
      size: 1682
      sha256: 53ce82c7f0c60c10009b1b764b537117a4ab402bbe1a147fba5ad2263acb3025
  original:
    hackage: digestive-functors-0.8.4.2@sha256:badff1797b6dcd860a48ed4558985b2f6bec501e1016fa5afd9d7d6b0d8e4c08,3364
- completed:
    hackage: digestive-functors-aeson-1.1.27@sha256:a389cfeda1f5f376968b14afc631587abb93172e182b63422b8ddb3d8522c621,1584
    pantry-tree:
      size: 346
      sha256: 7a26dd5aad398f01bf3cb11ff887e9e1054eab1b2bd436b9494720f4be69baba
  original:
    hackage: digestive-functors-aeson-1.1.27@sha256:a389cfeda1f5f376968b14afc631587abb93172e182b63422b8ddb3d8522c621,1584
snapshots:
- completed:
    size: 532414
    url: https://raw.githubusercontent.com/commercialhaskell/stackage-snapshots/master/lts/16/22.yaml
    sha256: e483fb88549fc0f454c190979bf35ac91c7aceff2c0e71e7d8edd11842d772d8
  original: lts-16.22
